
Microsoft Visual Studio Solution File, Format Version 12.00
# Visual Studio Version 17
VisualStudioVersion = 17.5.33627.172
MinimumVisualStudioVersion = 10.0.40219.1
Project("{FAE04EC0-301F-11D3-BF4B-00C04F79EFBC}") = "Contacts", "Contacts.csproj", "{99E784C1-4EB0-4235-99A8-ED1948F8FDAD}"
EndProject
Global
	GlobalSection(SolutionConfigurationPlatforms) = preSolution
		Debug|Any CPU = Debug|Any CPU
		Release|Any CPU = Release|Any CPU
	EndGlobalSection
	GlobalSection(ProjectConfigurationPlatforms) = postSolution
		{99E784C1-4EB0-4235-99A8-ED1948F8FDAD}.Debug|Any CPU.ActiveCfg = Debug|Any CPU
		{99E784C1-4EB0-4235-99A8-ED1948F8FDAD}.Debug|Any CPU.Build.0 = Debug|Any CPU
		{99E784C1-4EB0-4235-99A8-ED1948F8FDAD}.Release|Any CPU.ActiveCfg = Release|Any CPU
		{99E784C1-4EB0-4235-99A8-ED1948F8FDAD}.Release|Any CPU.Build.0 = Release|Any CPU
	EndGlobalSection
	GlobalSection(SolutionProperties) = preSolution
		HideSolutionNode = FALSE
	EndGlobalSection
	GlobalSection(ExtensibilityGlobals) = postSolution
		SolutionGuid = {0F8DB6BC-C2A0-44A0-847A-38CC91536B80}
	EndGlobalSection
EndGlobal
